Microsoft Visual Studio Solution File, Format Version 12.00
# Visual Studio Version 17
VisualStudioVersion = 17.5.2.0
MinimumVisualStudioVersion = 10.0.40219.1
Project("{2150E333-8FDC-42A3-9474-1A3956D46DE8}") = "orientacao_a_objetos", "orientacao_a_objetos", "{02EA681E-C7D8-13C7-8484-4AC65E1B71E8}"
EndProject
Project("{2150E333-8FDC-42A3-9474-1A3956D46DE8}") = "fundamentos", "fundamentos", "{286DBACC-3464-460D-9BE2-57AA679A072F}"
EndProject
Project("{2150E333-8FDC-42A3-9474-1A3956D46DE8}") = "colecoes", "colecoes", "{F9AF22A4-2879-422F-81AA-07C961C0402A}"
EndProject
Project("{2150E333-8FDC-42A3-9474-1A3956D46DE8}") = "concatenacao_placeholders_interpolacao", "concatenacao_placeholders_interpolacao", "{B6FAF084-C11A-49F7-8C21-8F8C18A9423F}"
EndProject
Project("{2150E333-8FDC-42A3-9474-1A3956D46DE8}") = "conversoes", "conversoes", "{BCD971B2-CE01-47A7-9715-03C810E9A23D}"
EndProject
Project("{2150E333-8FDC-42A3-9474-1A3956D46DE8}") = "entrada_e_saida", "entrada_e_saida", "{CD94FE65-5163-4739-AC4D-D3BFB6FEC9A2}"
EndProject
Project("{2150E333-8FDC-42A3-9474-1A3956D46DE8}") = "escopo_programa", "escopo_programa", "{D6686846-DAF4-416A-A6E3-EDA9AD4A1A95}"
EndProject
Project("{2150E333-8FDC-42A3-9474-1A3956D46DE8}") = "estruturas_de_controle", "estruturas_de_controle", "{144B02CC-AD86-4DA4-8153-250B5FD71F0E}"
EndProject
Project("{2150E333-8FDC-42A3-9474-1A3956D46DE8}") = "operadores", "operadores", "{C4F56642-9F09-4D27-8057-861EF8DF96E8}"
EndProject
Project("{2150E333-8FDC-42A3-9474-1A3956D46DE8}") = "primeira_aplicacao", "primeira_aplicacao", "{0913F21F-C737-462D-9CCE-1EC7996E2F6B}"
EndProject
Project("{2150E333-8FDC-42A3-9474-1A3956D46DE8}") = "stack-heap", "stack-heap", "{D88C803F-C8A3-46A0-98C0-49E090BC0FD2}"
EndProject
Project("{2150E333-8FDC-42A3-9474-1A3956D46DE8}") = "strings", "strings", "{1AAFA9DF-C1A3-4ECD-8D8A-0942A75479AB}"
EndProject
Project("{2150E333-8FDC-42A3-9474-1A3956D46DE8}") = "tipos_de_dados_e_variaveis", "tipos_de_dados_e_variaveis", "{66D068E4-1A98-4F5D-8032-29527560346C}"
EndProject
Project("{FAE04EC0-301F-11D3-BF4B-00C04F79EFBC}") = "colecoes", "fundamentos\colecoes\colecoes.csproj", "{889C4713-990D-D1BD-9CA4-099E68CE1D0B}"
EndProject
Project("{FAE04EC0-301F-11D3-BF4B-00C04F79EFBC}") = "concatenacao_placeholders_interpolacao", "fundamentos\concatenacao_placeholders_interpolacao\concatenacao_placeholders_interpolacao.csproj", "{93355E32-D2FA-5D1E-C332-6B35CD432D20}"
EndProject
Project("{FAE04EC0-301F-11D3-BF4B-00C04F79EFBC}") = "conversoes", "fundamentos\conversoes\conversoes.csproj", "{E000D398-5EE7-AB71-8FB6-1866E4DBC4CF}"
EndProject
Project("{FAE04EC0-301F-11D3-BF4B-00C04F79EFBC}") = "entrada_e_saida", "fundamentos\entrada_e_saida\entrada_e_saida.csproj", "{0F0E4028-D1D0-7EE5-636F-576ED38829A7}"
EndProject
Project("{FAE04EC0-301F-11D3-BF4B-00C04F79EFBC}") = "escopo-programa", "fundamentos\escopo-programa\escopo-programa.csproj", "{17ED2299-F65E-3BB2-64C6-EFF77F388833}"
EndProject
Project("{FAE04EC0-301F-11D3-BF4B-00C04F79EFBC}") = "estruturas_de_controle", "fundamentos\estruturas_de_controle\estruturas_de_controle.csproj", "{1D108001-9D09-2800-B439-591A12E4994B}"
EndProject
Project("{FAE04EC0-301F-11D3-BF4B-00C04F79EFBC}") = "operadores", "fundamentos\operadores\operadores.csproj", "{A93086E4-0B63-0C7B-B39A-06F2BC6D7738}"
EndProject
Project("{FAE04EC0-301F-11D3-BF4B-00C04F79EFBC}") = "primeira_aplicacao", "fundamentos\primeira_aplicacao\primeira_aplicacao.csproj", "{3DFE367F-D28C-D413-8D65-2AB224892B49}"
EndProject
Project("{FAE04EC0-301F-11D3-BF4B-00C04F79EFBC}") = "stack-heap", "fundamentos\stack-heap\stack-heap.csproj", "{17E94104-659B-A355-5D93-75FC67E4992E}"
EndProject
Project("{FAE04EC0-301F-11D3-BF4B-00C04F79EFBC}") = "strings", "fundamentos\strings\strings.csproj", "{5CAA2BA1-93A3-484F-3627-C5ACFF3B2B71}"
EndProject
Project("{FAE04EC0-301F-11D3-BF4B-00C04F79EFBC}") = "tipos_de_dados_e_variaveis", "fundamentos\tipos_de_dados_e_variaveis\tipos_de_dados_e_variaveis.csproj", "{08819ADF-0C4F-0337-CECB-B4456DD3BB4D}"
EndProject
Project("{2150E333-8FDC-42A3-9474-1A3956D46DE8}") = "csharp_estudos", "csharp_estudos", "{5462863F-508A-4C96-8DB8-46F902296721}"
EndProject
Project("{2150E333-8FDC-42A3-9474-1A3956D46DE8}") = "exercicios", "exercicios", "{EF960161-B0A2-4E99-8C4C-532C1DD36FE6}"
EndProject
Project("{2150E333-8FDC-42A3-9474-1A3956D46DE8}") = "dictionary", "dictionary", "{179188C1-0B1F-43B5-A3B4-98C1EDF44E68}"
EndProject
Project("{2150E333-8FDC-42A3-9474-1A3956D46DE8}") = "algoritmos", "algoritmos", "{3C8D733D-2D3E-4F9C-87DF-3244CB0BD31A}"
EndProject
Project("{FAE04EC0-301F-11D3-BF4B-00C04F79EFBC}") = "dictionary", "exercicios\dictionary\dictionary.csproj", "{11DADDB7-5E77-80E5-1685-AE8F1EC920FE}"
EndProject
Project("{2150E333-8FDC-42A3-9474-1A3956D46DE8}") = "beecrowd", "beecrowd", "{1D3FE06E-31CF-4BAD-9E1C-CF1C36084607}"
EndProject
Project("{2150E333-8FDC-42A3-9474-1A3956D46DE8}") = "Area", "Area", "{58CE4C17-02E9-4104-845E-8900CD593C60}"
EndProject
Project("{FAE04EC0-301F-11D3-BF4B-00C04F79EFBC}") = "Area", "algoritmos\beecrowd\Area\Area.csproj", "{7591C06C-F233-6CBD-49CE-C7677828CE5D}"
EndProject
Project("{2150E333-8FDC-42A3-9474-1A3956D46DE8}") = "classes_e_objetos", "classes_e_objetos", "{ADBB18E9-1BD7-45D0-A2E0-43B1C4512C8B}"
EndProject
Project("{2150E333-8FDC-42A3-9474-1A3956D46DE8}") = "encapsulamento", "encapsulamento", "{08602BB1-64E5-4A01-B896-B4FD52B178CD}"
EndProject
Project("{2150E333-8FDC-42A3-9474-1A3956D46DE8}") = "heranca", "heranca", "{3AFB015B-67CE-4F9C-9845-0FA381A083B6}"
EndProject
Project("{FAE04EC0-301F-11D3-BF4B-00C04F79EFBC}") = "classes_e_objetos", "orientacao_a_objetos\classes_e_objetos\classes_e_objetos.csproj", "{18D90B7B-2091-BD89-4300-F2778F38681A}"
EndProject
Project("{FAE04EC0-301F-11D3-BF4B-00C04F79EFBC}") = "encapsulamento", "orientacao_a_objetos\encapsulamento\encapsulamento.csproj", "{85E79E93-325C-2AE2-584B-A274B644B1A4}"
EndProject
Project("{FAE04EC0-301F-11D3-BF4B-00C04F79EFBC}") = "heranca", "orientacao_a_objetos\heranca\heranca.csproj", "{89986801-FDBA-4192-9EBF-2561AC6BB8A2}"
EndProject
Project("{2150E333-8FDC-42A3-9474-1A3956D46DE8}") = "heranca", "heranca", "{5B96CBAC-5FC8-4EE7-9FB5-DC6E1916A93A}"
EndProject
Project("{FAE04EC0-301F-11D3-BF4B-00C04F79EFBC}") = "heranca", "exercicios\heranca\heranca.csproj", "{A738D88E-D67D-45E6-822C-A72BE9FA6142}"
EndProject
Project("{2150E333-8FDC-42A3-9474-1A3956D46DE8}") = "projetos", "projetos", "{9AAA47E0-9CE1-4E5F-9313-40340D1E0FF0}"
EndProject
Project("{2150E333-8FDC-42A3-9474-1A3956D46DE8}") = "ScreenSound", "ScreenSound", "{736C48DB-3D71-49A6-8CB0-E56E87A7054F}"
EndProject
Project("{FAE04EC0-301F-11D3-BF4B-00C04F79EFBC}") = "ScreenSound", "projetos\ScreenSound\ScreenSound\ScreenSound.csproj", "{181E2A04-C082-3A07-12DB-88753EF405DA}"
EndProject
Project("{2150E333-8FDC-42A3-9474-1A3956D46DE8}") = "consumindo_api", "consumindo_api", "{42573A88-6543-4FCC-8A50-73D689E8E96E}"
EndProject
Project("{FAE04EC0-301F-11D3-BF4B-00C04F79EFBC}") = "ScreenSound_API", "consumindo_api\ScreenSound_API\ScreenSound_API.csproj", "{C01B141C-21CA-6A8E-5732-B8C09D17BE16}"
EndProject
Project("{2150E333-8FDC-42A3-9474-1A3956D46DE8}") = "interfaces", "interfaces", "{5C1C8C10-000D-4B75-AB0F-FAB7240CC531}"
EndProject
Project("{2150E333-8FDC-42A3-9474-1A3956D46DE8}") = "polimorfismo", "polimorfismo", "{676C6A6A-0EEF-4355-907C-56C7EC98297E}"
EndProject
Project("{FAE04EC0-301F-11D3-BF4B-00C04F79EFBC}") = "exer_interfaces", "exercicios\interfaces\exer_interfaces\exer_interfaces.csproj", "{D900FA12-FA3C-4F81-15E7-CB0F85169169}"
EndProject
Project("{FAE04EC0-301F-11D3-BF4B-00C04F79EFBC}") = "polimorfismo", "exercicios\polimorfismo\polimorfismo\polimorfismo.csproj", "{2483DB16-8445-ED38-2E85-5E174F00E70B}"
EndProject
Project("{2150E333-8FDC-42A3-9474-1A3956D46DE8}") = "composicao", "composicao", "{32F8B7D9-21B3-46FD-B2AB-F6A070D6120B}"
EndProject
Project("{2150E333-8FDC-42A3-9474-1A3956D46DE8}") = "polimorfismo", "polimorfismo", "{220B2000-A350-46B6-85A8-7240A193F3B2}"
EndProject
Project("{FAE04EC0-301F-11D3-BF4B-00C04F79EFBC}") = "polimorfismo", "orientacao_a_objetos\polimorfismo\polimorfismo\polimorfismo.csproj", "{5A513C6A-624E-F333-738C-7EC74A859D0C}"
EndProject
Project("{FAE04EC0-301F-11D3-BF4B-00C04F79EFBC}") = "composicao", "orientacao_a_objetos\composicao\composicao.csproj", "{8E048EB6-8B2C-4635-8FB5-134C2E236219}"
EndProject
Global
	GlobalSection(SolutionConfigurationPlatforms) = preSolution
		Debug|Any CPU = Debug|Any CPU
		Release|Any CPU = Release|Any CPU
	EndGlobalSection
	GlobalSection(ProjectConfigurationPlatforms) = postSolution
		{889C4713-990D-D1BD-9CA4-099E68CE1D0B}.Debug|Any CPU.ActiveCfg = Debug|Any CPU
		{889C4713-990D-D1BD-9CA4-099E68CE1D0B}.Debug|Any CPU.Build.0 = Debug|Any CPU
		{889C4713-990D-D1BD-9CA4-099E68CE1D0B}.Release|Any CPU.ActiveCfg = Release|Any CPU
		{889C4713-990D-D1BD-9CA4-099E68CE1D0B}.Release|Any CPU.Build.0 = Release|Any CPU
		{93355E32-D2FA-5D1E-C332-6B35CD432D20}.Debug|Any CPU.ActiveCfg = Debug|Any CPU
		{93355E32-D2FA-5D1E-C332-6B35CD432D20}.Debug|Any CPU.Build.0 = Debug|Any CPU
		{93355E32-D2FA-5D1E-C332-6B35CD432D20}.Release|Any CPU.ActiveCfg = Release|Any CPU
		{93355E32-D2FA-5D1E-C332-6B35CD432D20}.Release|Any CPU.Build.0 = Release|Any CPU
		{E000D398-5EE7-AB71-8FB6-1866E4DBC4CF}.Debug|Any CPU.ActiveCfg = Debug|Any CPU
		{E000D398-5EE7-AB71-8FB6-1866E4DBC4CF}.Debug|Any CPU.Build.0 = Debug|Any CPU
		{E000D398-5EE7-AB71-8FB6-1866E4DBC4CF}.Release|Any CPU.ActiveCfg = Release|Any CPU
		{E000D398-5EE7-AB71-8FB6-1866E4DBC4CF}.Release|Any CPU.Build.0 = Release|Any CPU
		{0F0E4028-D1D0-7EE5-636F-576ED38829A7}.Debug|Any CPU.ActiveCfg = Debug|Any CPU
		{0F0E4028-D1D0-7EE5-636F-576ED38829A7}.Debug|Any CPU.Build.0 = Debug|Any CPU
		{0F0E4028-D1D0-7EE5-636F-576ED38829A7}.Release|Any CPU.ActiveCfg = Release|Any CPU
		{0F0E4028-D1D0-7EE5-636F-576ED38829A7}.Release|Any CPU.Build.0 = Release|Any CPU
		{17ED2299-F65E-3BB2-64C6-EFF77F388833}.Debug|Any CPU.ActiveCfg = Debug|Any CPU
		{17ED2299-F65E-3BB2-64C6-EFF77F388833}.Debug|Any CPU.Build.0 = Debug|Any CPU
		{17ED2299-F65E-3BB2-64C6-EFF77F388833}.Release|Any CPU.ActiveCfg = Release|Any CPU
		{17ED2299-F65E-3BB2-64C6-EFF77F388833}.Release|Any CPU.Build.0 = Release|Any CPU
		{1D108001-9D09-2800-B439-591A12E4994B}.Debug|Any CPU.ActiveCfg = Debug|Any CPU
		{1D108001-9D09-2800-B439-591A12E4994B}.Debug|Any CPU.Build.0 = Debug|Any CPU
		{1D108001-9D09-2800-B439-591A12E4994B}.Release|Any CPU.ActiveCfg = Release|Any CPU
		{1D108001-9D09-2800-B439-591A12E4994B}.Release|Any CPU.Build.0 = Release|Any CPU
		{A93086E4-0B63-0C7B-B39A-06F2BC6D7738}.Debug|Any CPU.ActiveCfg = Debug|Any CPU
		{A93086E4-0B63-0C7B-B39A-06F2BC6D7738}.Debug|Any CPU.Build.0 = Debug|Any CPU
		{A93086E4-0B63-0C7B-B39A-06F2BC6D7738}.Release|Any CPU.ActiveCfg = Release|Any CPU
		{A93086E4-0B63-0C7B-B39A-06F2BC6D7738}.Release|Any CPU.Build.0 = Release|Any CPU
		{3DFE367F-D28C-D413-8D65-2AB224892B49}.Debug|Any CPU.ActiveCfg = Debug|Any CPU
		{3DFE367F-D28C-D413-8D65-2AB224892B49}.Debug|Any CPU.Build.0 = Debug|Any CPU
		{3DFE367F-D28C-D413-8D65-2AB224892B49}.Release|Any CPU.ActiveCfg = Release|Any CPU
		{3DFE367F-D28C-D413-8D65-2AB224892B49}.Release|Any CPU.Build.0 = Release|Any CPU
		{17E94104-659B-A355-5D93-75FC67E4992E}.Debug|Any CPU.ActiveCfg = Debug|Any CPU
		{17E94104-659B-A355-5D93-75FC67E4992E}.Debug|Any CPU.Build.0 = Debug|Any CPU
		{17E94104-659B-A355-5D93-75FC67E4992E}.Release|Any CPU.ActiveCfg = Release|Any CPU
		{17E94104-659B-A355-5D93-75FC67E4992E}.Release|Any CPU.Build.0 = Release|Any CPU
		{5CAA2BA1-93A3-484F-3627-C5ACFF3B2B71}.Debug|Any CPU.ActiveCfg = Debug|Any CPU
		{5CAA2BA1-93A3-484F-3627-C5ACFF3B2B71}.Debug|Any CPU.Build.0 = Debug|Any CPU
		{5CAA2BA1-93A3-484F-3627-C5ACFF3B2B71}.Release|Any CPU.ActiveCfg = Release|Any CPU
		{5CAA2BA1-93A3-484F-3627-C5ACFF3B2B71}.Release|Any CPU.Build.0 = Release|Any CPU
		{08819ADF-0C4F-0337-CECB-B4456DD3BB4D}.Debug|Any CPU.ActiveCfg = Debug|Any CPU
		{08819ADF-0C4F-0337-CECB-B4456DD3BB4D}.Debug|Any CPU.Build.0 = Debug|Any CPU
		{08819ADF-0C4F-0337-CECB-B4456DD3BB4D}.Release|Any CPU.ActiveCfg = Release|Any CPU
		{08819ADF-0C4F-0337-CECB-B4456DD3BB4D}.Release|Any CPU.Build.0 = Release|Any CPU
		{11DADDB7-5E77-80E5-1685-AE8F1EC920FE}.Debug|Any CPU.ActiveCfg = Debug|Any CPU
		{11DADDB7-5E77-80E5-1685-AE8F1EC920FE}.Debug|Any CPU.Build.0 = Debug|Any CPU
		{11DADDB7-5E77-80E5-1685-AE8F1EC920FE}.Release|Any CPU.ActiveCfg = Release|Any CPU
		{11DADDB7-5E77-80E5-1685-AE8F1EC920FE}.Release|Any CPU.Build.0 = Release|Any CPU
		{7591C06C-F233-6CBD-49CE-C7677828CE5D}.Debug|Any CPU.ActiveCfg = Debug|Any CPU
		{7591C06C-F233-6CBD-49CE-C7677828CE5D}.Debug|Any CPU.Build.0 = Debug|Any CPU
		{7591C06C-F233-6CBD-49CE-C7677828CE5D}.Release|Any CPU.ActiveCfg = Release|Any CPU
		{7591C06C-F233-6CBD-49CE-C7677828CE5D}.Release|Any CPU.Build.0 = Release|Any CPU
		{18D90B7B-2091-BD89-4300-F2778F38681A}.Debug|Any CPU.ActiveCfg = Debug|Any CPU
		{18D90B7B-2091-BD89-4300-F2778F38681A}.Debug|Any CPU.Build.0 = Debug|Any CPU
		{18D90B7B-2091-BD89-4300-F2778F38681A}.Release|Any CPU.ActiveCfg = Release|Any CPU
		{18D90B7B-2091-BD89-4300-F2778F38681A}.Release|Any CPU.Build.0 = Release|Any CPU
		{85E79E93-325C-2AE2-584B-A274B644B1A4}.Debug|Any CPU.ActiveCfg = Debug|Any CPU
		{85E79E93-325C-2AE2-584B-A274B644B1A4}.Debug|Any CPU.Build.0 = Debug|Any CPU
		{85E79E93-325C-2AE2-584B-A274B644B1A4}.Release|Any CPU.ActiveCfg = Release|Any CPU
		{85E79E93-325C-2AE2-584B-A274B644B1A4}.Release|Any CPU.Build.0 = Release|Any CPU
		{89986801-FDBA-4192-9EBF-2561AC6BB8A2}.Debug|Any CPU.ActiveCfg = Debug|Any CPU
		{89986801-FDBA-4192-9EBF-2561AC6BB8A2}.Debug|Any CPU.Build.0 = Debug|Any CPU
		{89986801-FDBA-4192-9EBF-2561AC6BB8A2}.Release|Any CPU.ActiveCfg = Release|Any CPU
		{89986801-FDBA-4192-9EBF-2561AC6BB8A2}.Release|Any CPU.Build.0 = Release|Any CPU
		{A738D88E-D67D-45E6-822C-A72BE9FA6142}.Debug|Any CPU.ActiveCfg = Debug|Any CPU
		{A738D88E-D67D-45E6-822C-A72BE9FA6142}.Debug|Any CPU.Build.0 = Debug|Any CPU
		{A738D88E-D67D-45E6-822C-A72BE9FA6142}.Release|Any CPU.ActiveCfg = Release|Any CPU
		{A738D88E-D67D-45E6-822C-A72BE9FA6142}.Release|Any CPU.Build.0 = Release|Any CPU
		{181E2A04-C082-3A07-12DB-88753EF405DA}.Debug|Any CPU.ActiveCfg = Debug|Any CPU
		{181E2A04-C082-3A07-12DB-88753EF405DA}.Debug|Any CPU.Build.0 = Debug|Any CPU
		{181E2A04-C082-3A07-12DB-88753EF405DA}.Release|Any CPU.ActiveCfg = Release|Any CPU
		{181E2A04-C082-3A07-12DB-88753EF405DA}.Release|Any CPU.Build.0 = Release|Any CPU
		{C01B141C-21CA-6A8E-5732-B8C09D17BE16}.Debug|Any CPU.ActiveCfg = Debug|Any CPU
		{C01B141C-21CA-6A8E-5732-B8C09D17BE16}.Debug|Any CPU.Build.0 = Debug|Any CPU
		{C01B141C-21CA-6A8E-5732-B8C09D17BE16}.Release|Any CPU.ActiveCfg = Release|Any CPU
		{C01B141C-21CA-6A8E-5732-B8C09D17BE16}.Release|Any CPU.Build.0 = Release|Any CPU
		{D900FA12-FA3C-4F81-15E7-CB0F85169169}.Debug|Any CPU.ActiveCfg = Debug|Any CPU
		{D900FA12-FA3C-4F81-15E7-CB0F85169169}.Debug|Any CPU.Build.0 = Debug|Any CPU
		{D900FA12-FA3C-4F81-15E7-CB0F85169169}.Release|Any CPU.ActiveCfg = Release|Any CPU
		{D900FA12-FA3C-4F81-15E7-CB0F85169169}.Release|Any CPU.Build.0 = Release|Any CPU
		{2483DB16-8445-ED38-2E85-5E174F00E70B}.Debug|Any CPU.ActiveCfg = Debug|Any CPU
		{2483DB16-8445-ED38-2E85-5E174F00E70B}.Debug|Any CPU.Build.0 = Debug|Any CPU
		{2483DB16-8445-ED38-2E85-5E174F00E70B}.Release|Any CPU.ActiveCfg = Release|Any CPU
		{2483DB16-8445-ED38-2E85-5E174F00E70B}.Release|Any CPU.Build.0 = Release|Any CPU
		{5A513C6A-624E-F333-738C-7EC74A859D0C}.Debug|Any CPU.ActiveCfg = Debug|Any CPU
		{5A513C6A-624E-F333-738C-7EC74A859D0C}.Debug|Any CPU.Build.0 = Debug|Any CPU
		{5A513C6A-624E-F333-738C-7EC74A859D0C}.Release|Any CPU.ActiveCfg = Release|Any CPU
		{5A513C6A-624E-F333-738C-7EC74A859D0C}.Release|Any CPU.Build.0 = Release|Any CPU
		{8E048EB6-8B2C-4635-8FB5-134C2E236219}.Debug|Any CPU.ActiveCfg = Debug|Any CPU
		{8E048EB6-8B2C-4635-8FB5-134C2E236219}.Debug|Any CPU.Build.0 = Debug|Any CPU
		{8E048EB6-8B2C-4635-8FB5-134C2E236219}.Release|Any CPU.ActiveCfg = Release|Any CPU
		{8E048EB6-8B2C-4635-8FB5-134C2E236219}.Release|Any CPU.Build.0 = Release|Any CPU
	EndGlobalSection
	GlobalSection(SolutionProperties) = preSolution
		HideSolutionNode = FALSE
	EndGlobalSection
	GlobalSection(NestedProjects) = preSolution
		{02EA681E-C7D8-13C7-8484-4AC65E1B71E8} = {5462863F-508A-4C96-8DB8-46F902296721}
		{286DBACC-3464-460D-9BE2-57AA679A072F} = {5462863F-508A-4C96-8DB8-46F902296721}
		{F9AF22A4-2879-422F-81AA-07C961C0402A} = {286DBACC-3464-460D-9BE2-57AA679A072F}
		{B6FAF084-C11A-49F7-8C21-8F8C18A9423F} = {286DBACC-3464-460D-9BE2-57AA679A072F}
		{BCD971B2-CE01-47A7-9715-03C810E9A23D} = {286DBACC-3464-460D-9BE2-57AA679A072F}
		{CD94FE65-5163-4739-AC4D-D3BFB6FEC9A2} = {286DBACC-3464-460D-9BE2-57AA679A072F}
		{D6686846-DAF4-416A-A6E3-EDA9AD4A1A95} = {286DBACC-3464-460D-9BE2-57AA679A072F}
		{144B02CC-AD86-4DA4-8153-250B5FD71F0E} = {286DBACC-3464-460D-9BE2-57AA679A072F}
		{C4F56642-9F09-4D27-8057-861EF8DF96E8} = {286DBACC-3464-460D-9BE2-57AA679A072F}
		{0913F21F-C737-462D-9CCE-1EC7996E2F6B} = {286DBACC-3464-460D-9BE2-57AA679A072F}
		{D88C803F-C8A3-46A0-98C0-49E090BC0FD2} = {286DBACC-3464-460D-9BE2-57AA679A072F}
		{1AAFA9DF-C1A3-4ECD-8D8A-0942A75479AB} = {286DBACC-3464-460D-9BE2-57AA679A072F}
		{66D068E4-1A98-4F5D-8032-29527560346C} = {286DBACC-3464-460D-9BE2-57AA679A072F}
		{889C4713-990D-D1BD-9CA4-099E68CE1D0B} = {F9AF22A4-2879-422F-81AA-07C961C0402A}
		{93355E32-D2FA-5D1E-C332-6B35CD432D20} = {B6FAF084-C11A-49F7-8C21-8F8C18A9423F}
		{E000D398-5EE7-AB71-8FB6-1866E4DBC4CF} = {BCD971B2-CE01-47A7-9715-03C810E9A23D}
		{0F0E4028-D1D0-7EE5-636F-576ED38829A7} = {CD94FE65-5163-4739-AC4D-D3BFB6FEC9A2}
		{17ED2299-F65E-3BB2-64C6-EFF77F388833} = {D6686846-DAF4-416A-A6E3-EDA9AD4A1A95}
		{1D108001-9D09-2800-B439-591A12E4994B} = {144B02CC-AD86-4DA4-8153-250B5FD71F0E}
		{A93086E4-0B63-0C7B-B39A-06F2BC6D7738} = {C4F56642-9F09-4D27-8057-861EF8DF96E8}
		{3DFE367F-D28C-D413-8D65-2AB224892B49} = {0913F21F-C737-462D-9CCE-1EC7996E2F6B}
		{17E94104-659B-A355-5D93-75FC67E4992E} = {D88C803F-C8A3-46A0-98C0-49E090BC0FD2}
		{5CAA2BA1-93A3-484F-3627-C5ACFF3B2B71} = {1AAFA9DF-C1A3-4ECD-8D8A-0942A75479AB}
		{08819ADF-0C4F-0337-CECB-B4456DD3BB4D} = {66D068E4-1A98-4F5D-8032-29527560346C}
		{EF960161-B0A2-4E99-8C4C-532C1DD36FE6} = {5462863F-508A-4C96-8DB8-46F902296721}
		{179188C1-0B1F-43B5-A3B4-98C1EDF44E68} = {EF960161-B0A2-4E99-8C4C-532C1DD36FE6}
		{3C8D733D-2D3E-4F9C-87DF-3244CB0BD31A} = {5462863F-508A-4C96-8DB8-46F902296721}
		{11DADDB7-5E77-80E5-1685-AE8F1EC920FE} = {179188C1-0B1F-43B5-A3B4-98C1EDF44E68}
		{1D3FE06E-31CF-4BAD-9E1C-CF1C36084607} = {3C8D733D-2D3E-4F9C-87DF-3244CB0BD31A}
		{58CE4C17-02E9-4104-845E-8900CD593C60} = {1D3FE06E-31CF-4BAD-9E1C-CF1C36084607}
		{7591C06C-F233-6CBD-49CE-C7677828CE5D} = {58CE4C17-02E9-4104-845E-8900CD593C60}
		{ADBB18E9-1BD7-45D0-A2E0-43B1C4512C8B} = {02EA681E-C7D8-13C7-8484-4AC65E1B71E8}
		{08602BB1-64E5-4A01-B896-B4FD52B178CD} = {02EA681E-C7D8-13C7-8484-4AC65E1B71E8}
		{3AFB015B-67CE-4F9C-9845-0FA381A083B6} = {02EA681E-C7D8-13C7-8484-4AC65E1B71E8}
		{18D90B7B-2091-BD89-4300-F2778F38681A} = {ADBB18E9-1BD7-45D0-A2E0-43B1C4512C8B}
		{85E79E93-325C-2AE2-584B-A274B644B1A4} = {08602BB1-64E5-4A01-B896-B4FD52B178CD}
		{89986801-FDBA-4192-9EBF-2561AC6BB8A2} = {3AFB015B-67CE-4F9C-9845-0FA381A083B6}
		{5B96CBAC-5FC8-4EE7-9FB5-DC6E1916A93A} = {EF960161-B0A2-4E99-8C4C-532C1DD36FE6}
		{A738D88E-D67D-45E6-822C-A72BE9FA6142} = {5B96CBAC-5FC8-4EE7-9FB5-DC6E1916A93A}
		{9AAA47E0-9CE1-4E5F-9313-40340D1E0FF0} = {5462863F-508A-4C96-8DB8-46F902296721}
		{736C48DB-3D71-49A6-8CB0-E56E87A7054F} = {9AAA47E0-9CE1-4E5F-9313-40340D1E0FF0}
		{181E2A04-C082-3A07-12DB-88753EF405DA} = {736C48DB-3D71-49A6-8CB0-E56E87A7054F}
		{42573A88-6543-4FCC-8A50-73D689E8E96E} = {5462863F-508A-4C96-8DB8-46F902296721}
		{C01B141C-21CA-6A8E-5732-B8C09D17BE16} = {42573A88-6543-4FCC-8A50-73D689E8E96E}
		{5C1C8C10-000D-4B75-AB0F-FAB7240CC531} = {EF960161-B0A2-4E99-8C4C-532C1DD36FE6}
		{676C6A6A-0EEF-4355-907C-56C7EC98297E} = {EF960161-B0A2-4E99-8C4C-532C1DD36FE6}
		{D900FA12-FA3C-4F81-15E7-CB0F85169169} = {5C1C8C10-000D-4B75-AB0F-FAB7240CC531}
		{2483DB16-8445-ED38-2E85-5E174F00E70B} = {676C6A6A-0EEF-4355-907C-56C7EC98297E}
		{32F8B7D9-21B3-46FD-B2AB-F6A070D6120B} = {02EA681E-C7D8-13C7-8484-4AC65E1B71E8}
		{220B2000-A350-46B6-85A8-7240A193F3B2} = {02EA681E-C7D8-13C7-8484-4AC65E1B71E8}
		{5A513C6A-624E-F333-738C-7EC74A859D0C} = {220B2000-A350-46B6-85A8-7240A193F3B2}
		{8E048EB6-8B2C-4635-8FB5-134C2E236219} = {32F8B7D9-21B3-46FD-B2AB-F6A070D6120B}
	EndGlobalSection
	GlobalSection(ExtensibilityGlobals) = postSolution
		SolutionGuid = {86E81429-03E1-408E-9B53-C128FB35D1B8}
	EndGlobalSection
EndGlobal
